{
  "nodes": {
    "nixpkgs": {
      "locked": {
        "lastModified": 1596110168,
        "narHash": "sha256-CMJmhl/CcIhl9sGDexdznax3oJkCyH7vOuL3RNC+oeQ=",
        "owner": "NixOS",
        "repo": "nixpkgs",
        "rev": "8704039c9876b5dc938f76bf895f9f5e61afc68c",
        "type": "github"
      },
      "original": {
        "owner": "NixOS",
        "repo": "nixpkgs",
        "rev": "8704039c9876b5dc938f76bf895f9f5e61afc68c",
        "type": "github"
      }
    },
    "root": {
      "inputs": {
        "nixpkgs": "nixpkgs"
      }
    }
  },
  "root": "root",
  "version": 7
}
